// !$*UTF8*$!
{
	archiveVersion = 1;
	classes = {
	};
	objectVersion = 48;
	objects = {

/* Begin PBXBuildFile section */
		8F3F443E21A494E0F6DA18BD /* Pods_TTReplyView.framework in Frameworks */ = {isa = PBXBuildFile; fileRef = E3CB6B95FD06E57FBA472CC6 /* Pods_TTReplyView.framework */; };
		E00EB2812024435300F8B5BB /* AppDelegate.m in Sources */ = {isa = PBXBuildFile; fileRef = E00EB2802024435300F8B5BB /* AppDelegate.m */; };
		E00EB2842024435300F8B5BB /* ViewController.m in Sources */ = {isa = PBXBuildFile; fileRef = E00EB2832024435300F8B5BB /* ViewController.m */; };
		E00EB2872024435300F8B5BB /* Main.storyboard in Resources */ = {isa = PBXBuildFile; fileRef = E00EB2852024435300F8B5BB /* Main.storyboard */; };
		E00EB2892024435300F8B5BB /* Assets.xcassets in Resources */ = {isa = PBXBuildFile; fileRef = E00EB2882024435300F8B5BB /* Assets.xcassets */; };
		E00EB28C2024435300F8B5BB /* LaunchScreen.storyboard in Resources */ = {isa = PBXBuildFile; fileRef = E00EB28A2024435300F8B5BB /* LaunchScreen.storyboard */; };
		E00EB28F2024435300F8B5BB /* main.m in Sources */ = {isa = PBXBuildFile; fileRef = E00EB28E2024435300F8B5BB /* main.m */; };
		E00EB2972024438500F8B5BB /* TableViewController.m in Sources */ = {isa = PBXBuildFile; fileRef = E00EB2962024438500F8B5BB /* TableViewController.m */; };
		E00EB29A2024445100F8B5BB /* TTReplyView.m in Sources */ = {isa = PBXBuildFile; fileRef = E00EB2992024445100F8B5BB /* TTReplyView.m */; };
		E00EB29D202444A100F8B5BB /* TTRepleyTableView.m in Sources */ = {isa = PBXBuildFile; fileRef = E00EB29C202444A100F8B5BB /* TTRepleyTableView.m */; };
		E00EB2A0202463F400F8B5BB /* TTReplyBottomView.m in Sources */ = {isa = PBXBuildFile; fileRef = E00EB29F202463F400F8B5BB /* TTReplyBottomView.m */; };
/* End PBXBuildFile section */

/* Begin PBXFileReference section */
		3E82A005188D203C15BC230F /* Pods-TTReplyView.release.xcconfig */ = {isa = PBXFileReference; includeInIndex = 1; lastKnownFileType = text.xcconfig; name = "Pods-TTReplyView.release.xcconfig"; path = "Pods/Target Support Files/Pods-TTReplyView/Pods-TTReplyView.release.xcconfig"; sourceTree = "<group>"; };
		6DA768B22455735EF40E98C0 /* Pods-TTReplyView.debug.xcconfig */ = {isa = PBXFileReference; includeInIndex = 1; lastKnownFileType = text.xcconfig; name = "Pods-TTReplyView.debug.xcconfig"; path = "Pods/Target Support Files/Pods-TTReplyView/Pods-TTReplyView.debug.xcconfig"; sourceTree = "<group>"; };
		E00EB27C2024435300F8B5BB /* TTReplyView.app */ = {isa = PBXFileReference; explicitFileType = wrapper.application; includeInIndex = 0; path = TTReplyView.app; sourceTree = BUILT_PRODUCTS_DIR; };
		E00EB27F2024435300F8B5BB /* AppDelegate.h */ = {isa = PBXFileReference; lastKnownFileType = sourcecode.c.h; path = AppDelegate.h; sourceTree = "<group>"; };
		E00EB2802024435300F8B5BB /* AppDelegate.m */ = {isa = PBXFileReference; lastKnownFileType = sourcecode.c.objc; path = AppDelegate.m; sourceTree = "<group>"; };
		E00EB2822024435300F8B5BB /* ViewController.h */ = {isa = PBXFileReference; lastKnownFileType = sourcecode.c.h; path = ViewController.h; sourceTree = "<group>"; };
		E00EB2832024435300F8B5BB /* ViewController.m */ = {isa = PBXFileReference; lastKnownFileType = sourcecode.c.objc; path = ViewController.m; sourceTree = "<group>"; };
		E00EB2862024435300F8B5BB /* Base */ = {isa = PBXFileReference; lastKnownFileType = file.storyboard; name = Base; path = Base.lproj/Main.storyboard; sourceTree = "<group>"; };
		E00EB2882024435300F8B5BB /* Assets.xcassets */ = {isa = PBXFileReference; lastKnownFileType = folder.assetcatalog; path = Assets.xcassets; sourceTree = "<group>"; };
		E00EB28B2024435300F8B5BB /* Base */ = {isa = PBXFileReference; lastKnownFileType = file.storyboard; name = Base; path = Base.lproj/LaunchScreen.storyboard; sourceTree = "<group>"; };
		E00EB28D2024435300F8B5BB /* Info.plist */ = {isa = PBXFileReference; lastKnownFileType = text.plist.xml; path = Info.plist; sourceTree = "<group>"; };
		E00EB28E2024435300F8B5BB /* main.m */ = {isa = PBXFileReference; lastKnownFileType = sourcecode.c.objc; path = main.m; sourceTree = "<group>"; };
		E00EB2952024438500F8B5BB /* TableViewController.h */ = {isa = PBXFileReference; lastKnownFileType = sourcecode.c.h; path = TableViewController.h; sourceTree = "<group>"; };
		E00EB2962024438500F8B5BB /* TableViewController.m */ = {isa = PBXFileReference; lastKnownFileType = sourcecode.c.objc; path = TableViewController.m; sourceTree = "<group>"; };
		E00EB2982024445100F8B5BB /* TTReplyView.h */ = {isa = PBXFileReference; lastKnownFileType = sourcecode.c.h; path = TTReplyView.h; sourceTree = "<group>"; };
		E00EB2992024445100F8B5BB /* TTReplyView.m */ = {isa = PBXFileReference; lastKnownFileType = sourcecode.c.objc; path = TTReplyView.m; sourceTree = "<group>"; };
		E00EB29B202444A100F8B5BB /* TTRepleyTableView.h */ = {isa = PBXFileReference; lastKnownFileType = sourcecode.c.h; path = TTRepleyTableView.h; sourceTree = "<group>"; };
		E00EB29C202444A100F8B5BB /* TTRepleyTableView.m */ = {isa = PBXFileReference; lastKnownFileType = sourcecode.c.objc; path = TTRepleyTableView.m; sourceTree = "<group>"; };
		E00EB29E202463F400F8B5BB /* TTReplyBottomView.h */ = {isa = PBXFileReference; lastKnownFileType = sourcecode.c.h; path = TTReplyBottomView.h; sourceTree = "<group>"; };
		E00EB29F202463F400F8B5BB /* TTReplyBottomView.m */ = {isa = PBXFileReference; lastKnownFileType = sourcecode.c.objc; path = TTReplyBottomView.m; sourceTree = "<group>"; };
		E3CB6B95FD06E57FBA472CC6 /* Pods_TTReplyView.framework */ = {isa = PBXFileReference; explicitFileType = wrapper.framework; includeInIndex = 0; path = Pods_TTReplyView.framework; sourceTree = BUILT_PRODUCTS_DIR; };
/* End PBXFileReference section */

/* Begin PBXFrameworksBuildPhase section */
		E00EB2792024435300F8B5BB /* Frameworks */ = {
			isa = PBXFrameworksBuildPhase;
			buildActionMask = 2147483647;
			files = (
				8F3F443E21A494E0F6DA18BD /* Pods_TTReplyView.framework in Frameworks */,
			);
			runOnlyForDeploymentPostprocessing = 0;
		};
/* End PBXFrameworksBuildPhase section */

/* Begin PBXGroup section */
		766A728584BB9A0F260EAEAE /* Pods */ = {
			isa = PBXGroup;
			children = (
				6DA768B22455735EF40E98C0 /* Pods-TTReplyView.debug.xcconfig */,
				3E82A005188D203C15BC230F /* Pods-TTReplyView.release.xcconfig */,
			);
			name = Pods;
			sourceTree = "<group>";
		};
		917C7FF85CEC966F4C1318B2 /* Frameworks */ = {
			isa = PBXGroup;
			children = (
				E3CB6B95FD06E57FBA472CC6 /* Pods_TTReplyView.framework */,
			);
			name = Frameworks;
			sourceTree = "<group>";
		};
		E00EB2732024435300F8B5BB = {
			isa = PBXGroup;
			children = (
				E00EB27E2024435300F8B5BB /* TTReplyView */,
				E00EB27D2024435300F8B5BB /* Products */,
				766A728584BB9A0F260EAEAE /* Pods */,
				917C7FF85CEC966F4C1318B2 /* Frameworks */,
			);
			sourceTree = "<group>";
		};
		E00EB27D2024435300F8B5BB /* Products */ = {
			isa = PBXGroup;
			children = (
				E00EB27C2024435300F8B5BB /* TTReplyView.app */,
			);
			name = Products;
			sourceTree = "<group>";
		};
		E00EB27E2024435300F8B5BB /* TTReplyView */ = {
			isa = PBXGroup;
			children = (
				E00EB27F2024435300F8B5BB /* AppDelegate.h */,
				E00EB2802024435300F8B5BB /* AppDelegate.m */,
				E00EB2822024435300F8B5BB /* ViewController.h */,
				E00EB2832024435300F8B5BB /* ViewController.m */,
				E00EB2952024438500F8B5BB /* TableViewController.h */,
				E00EB2962024438500F8B5BB /* TableViewController.m */,
				E00EB2982024445100F8B5BB /* TTReplyView.h */,
				E00EB2992024445100F8B5BB /* TTReplyView.m */,
				E00EB29E202463F400F8B5BB /* TTReplyBottomView.h */,
				E00EB29F202463F400F8B5BB /* TTReplyBottomView.m */,
				E00EB29B202444A100F8B5BB /* TTRepleyTableView.h */,
				E00EB29C202444A100F8B5BB /* TTRepleyTableView.m */,
				E00EB2852024435300F8B5BB /* Main.storyboard */,
				E00EB2882024435300F8B5BB /* Assets.xcassets */,
				E00EB28A2024435300F8B5BB /* LaunchScreen.storyboard */,
				E00EB28D2024435300F8B5BB /* Info.plist */,
				E00EB28E2024435300F8B5BB /* main.m */,
			);
			path = TTReplyView;
			sourceTree = "<group>";
		};
/* End PBXGroup section */

/* Begin PBXNativeTarget section */
		E00EB27B2024435300F8B5BB /* TTReplyView */ = {
			isa = PBXNativeTarget;
			buildConfigurationList = E00EB2922024435300F8B5BB /* Build configuration list for PBXNativeTarget "TTReplyView" */;
			buildPhases = (
				21CDD377582FE2E41066C9BF /* [CP] Check Pods Manifest.lock */,
				E00EB2782024435300F8B5BB /* Sources */,
				E00EB2792024435300F8B5BB /* Frameworks */,
				E00EB27A2024435300F8B5BB /* Resources */,
				58C3BCE3D7CC078E86444B84 /* [CP] Embed Pods Frameworks */,
				F545A50254D07B6E57286165 /* [CP] Copy Pods Resources */,
			);
			buildRules = (
			);
			dependencies = (
			);
			name = TTReplyView;
			productName = TTReplyView;
			productReference = E00EB27C2024435300F8B5BB /* TTReplyView.app */;
			productType = "com.apple.product-type.application";
		};
/* End PBXNativeTarget section */

/* Begin PBXProject section */
		E00EB2742024435300F8B5BB /* Project object */ = {
			isa = PBXProject;
			attributes = {
				LastUpgradeCheck = 0900;
				ORGANIZATIONNAME = cckv;
				TargetAttributes = {
					E00EB27B2024435300F8B5BB = {
						CreatedOnToolsVersion = 9.0;
						ProvisioningStyle = Automatic;
					};
				};
			};
			buildConfigurationList = E00EB2772024435300F8B5BB /* Build configuration list for PBXProject "TTReplyView" */;
			compatibilityVersion = "Xcode 8.0";
			developmentRegion = en;
			hasScannedForEncodings = 0;
			knownRegions = (
				en,
				Base,
			);
			mainGroup = E00EB2732024435300F8B5BB;
			productRefGroup = E00EB27D2024435300F8B5BB /* Products */;
			projectDirPath = "";
			projectRoot = "";
			targets = (
				E00EB27B2024435300F8B5BB /* TTReplyView */,
			);
		};
/* End PBXProject section */

/* Begin PBXResourcesBuildPhase section */
		E00EB27A2024435300F8B5BB /* Resources */ = {
			isa = PBXResourcesBuildPhase;
			buildActionMask = 2147483647;
			files = (
				E00EB28C2024435300F8B5BB /* LaunchScreen.storyboard in Resources */,
				E00EB2892024435300F8B5BB /* Assets.xcassets in Resources */,
				E00EB2872024435300F8B5BB /* Main.storyboard in Resources */,
			);
			runOnlyForDeploymentPostprocessing = 0;
		};
/* End PBXResourcesBuildPhase section */

/* Begin PBXShellScriptBuildPhase section */
		21CDD377582FE2E41066C9BF /* [CP] Check Pods Manifest.lock */ = {
			isa = PBXShellScriptBuildPhase;
			buildActionMask = 2147483647;
			files = (
			);
			inputPaths = (
			);
			name = "[CP] Check Pods Manifest.lock";
			outputPaths = (
			);
			runOnlyForDeploymentPostprocessing = 0;
			shellPath = /bin/sh;
			shellScript = "diff \"${PODS_PODFILE_DIR_PATH}/Podfile.lock\" \"${PODS_ROOT}/Manifest.lock\" > /dev/null\nif [ $? != 0 ] ; then\n    # print error to STDERR\n    echo \"error: The sandbox is not in sync with the Podfile.lock. Run 'pod install' or update your CocoaPods installation.\" >&2\n    exit 1\nfi\n";
			showEnvVarsInLog = 0;
		};
		58C3BCE3D7CC078E86444B84 /* [CP] Embed Pods Frameworks */ = {
			isa = PBXShellScriptBuildPhase;
			buildActionMask = 2147483647;
			files = (
			);
			inputPaths = (
			);
			name = "[CP] Embed Pods Frameworks";
			outputPaths = (
			);
			runOnlyForDeploymentPostprocessing = 0;
			shellPath = /bin/sh;
			shellScript = "\"${SRCROOT}/Pods/Target Support Files/Pods-TTReplyView/Pods-TTReplyView-frameworks.sh\"\n";
			showEnvVarsInLog = 0;
		};
		F545A50254D07B6E57286165 /* [CP] Copy Pods Resources */ = {
			isa = PBXShellScriptBuildPhase;
			buildActionMask = 2147483647;
			files = (
			);
			inputPaths = (
			);
			name = "[CP] Copy Pods Resources";
			outputPaths = (
			);
			runOnlyForDeploymentPostprocessing = 0;
			shellPath = /bin/sh;
			shellScript = "\"${SRCROOT}/Pods/Target Support Files/Pods-TTReplyView/Pods-TTReplyView-resources.sh\"\n";
			showEnvVarsInLog = 0;
		};
/* End PBXShellScriptBuildPhase section */

/* Begin PBXSourcesBuildPhase section */
		E00EB2782024435300F8B5BB /* Sources */ = {
			isa = PBXSourcesBuildPhase;
			buildActionMask = 2147483647;
			files = (
				E00EB29D202444A100F8B5BB /* TTRepleyTableView.m in Sources */,
				E00EB29A2024445100F8B5BB /* TTReplyView.m in Sources */,
				E00EB2842024435300F8B5BB /* ViewController.m in Sources */,
				E00EB28F2024435300F8B5BB /* main.m in Sources */,
				E00EB2A0202463F400F8B5BB /* TTReplyBottomView.m in Sources */,
				E00EB2812024435300F8B5BB /* AppDelegate.m in Sources */,
				E00EB2972024438500F8B5BB /* TableViewController.m in Sources */,
			);
			runOnlyForDeploymentPostprocessing = 0;
		};
/* End PBXSourcesBuildPhase section */

/* Begin PBXVariantGroup section */
		E00EB2852024435300F8B5BB /* Main.storyboard */ = {
			isa = PBXVariantGroup;
			children = (
				E00EB2862024435300F8B5BB /* Base */,
			);
			name = Main.storyboard;
			sourceTree = "<group>";
		};
		E00EB28A2024435300F8B5BB /* LaunchScreen.storyboard */ = {
			isa = PBXVariantGroup;
			children = (
				E00EB28B2024435300F8B5BB /* Base */,
			);
			name = LaunchScreen.storyboard;
			sourceTree = "<group>";
		};
/* End PBXVariantGroup section */

/* Begin XCBuildConfiguration section */
		E00EB2902024435300F8B5BB /* Debug */ = {
			isa = XCBuildConfiguration;
			buildSettings = {
				ALWAYS_SEARCH_USER_PATHS = NO;
				CLANG_ANALYZER_NONNULL = YES;
				CLANG_ANALYZER_NUMBER_OBJECT_CONVERSION = YES_AGGRESSIVE;
				CLANG_CXX_LANGUAGE_STANDARD = "gnu++14";
				CLANG_CXX_LIBRARY = "libc++";
				CLANG_ENABLE_MODULES = YES;
				CLANG_ENABLE_OBJC_ARC = YES;
				CLANG_WARN_BLOCK_CAPTURE_AUTORELEASING = YES;
				CLANG_WARN_BOOL_CONVERSION = YES;
				CLANG_WARN_COMMA = YES;
				CLANG_WARN_CONSTANT_CONVERSION = YES;
				CLANG_WARN_DIRECT_OBJC_ISA_USAGE = YES_ERROR;
				CLANG_WARN_DOCUMENTATION_COMMENTS = YES;
				CLANG_WARN_EMPTY_BODY = YES;
				CLANG_WARN_ENUM_CONVERSION = YES;
				CLANG_WARN_INFINITE_RECURSION = YES;
				CLANG_WARN_INT_CONVERSION = YES;
				CLANG_WARN_NON_LITERAL_NULL_CONVERSION = YES;
				CLANG_WARN_OBJC_LITERAL_CONVERSION = YES;
				CLANG_WARN_OBJC_ROOT_CLASS = YES_ERROR;
				CLANG_WARN_RANGE_LOOP_ANALYSIS = YES;
				CLANG_WARN_STRICT_PROTOTYPES = YES;
				CLANG_WARN_SUSPICIOUS_MOVE = YES;
				CLANG_WARN_UNGUARDED_AVAILABILITY = YES_AGGRESSIVE;
				CLANG_WARN_UNREACHABLE_CODE = YES;
				CLANG_WARN__DUPLICATE_METHOD_MATCH = YES;
				CODE_SIGN_IDENTITY = "iPhone Developer";
				COPY_PHASE_STRIP = NO;
				DEBUG_INFORMATION_FORMAT = dwarf;
				ENABLE_STRICT_OBJC_MSGSEND = YES;
				ENABLE_TESTABILITY = YES;
				GCC_C_LANGUAGE_STANDARD = gnu11;
				GCC_DYNAMIC_NO_PIC = NO;
				GCC_NO_COMMON_BLOCKS = YES;
				GCC_OPTIMIZATION_LEVEL = 0;
				GCC_PREPROCESSOR_DEFINITIONS = (
					"DEBUG=1",
					"$(inherited)",
				);
				GCC_WARN_64_TO_32_BIT_CONVERSION = YES;
				GCC_WARN_ABOUT_RETURN_TYPE = YES_ERROR;
				GCC_WARN_UNDECLARED_SELECTOR = YES;
				GCC_WARN_UNINITIALIZED_AUTOS = YES_AGGRESSIVE;
				GCC_WARN_UNUSED_FUNCTION = YES;
				GCC_WARN_UNUSED_VARIABLE = YES;
				IPHONEOS_DEPLOYMENT_TARGET = 11.0;
				MTL_ENABLE_DEBUG_INFO = YES;
				ONLY_ACTIVE_ARCH = YES;
				SDKROOT = iphoneos;
			};
			name = Debug;
		};
		E00EB2912024435300F8B5BB /* Release */ = {
			isa = XCBuildConfiguration;
			buildSettings = {
				ALWAYS_SEARCH_USER_PATHS = NO;
				CLANG_ANALYZER_NONNULL = YES;
				CLANG_ANALYZER_NUMBER_OBJECT_CONVERSION = YES_AGGRESSIVE;
				CLANG_CXX_LANGUAGE_STANDARD = "gnu++14";
				CLANG_CXX_LIBRARY = "libc++";
				CLANG_ENABLE_MODULES = YES;
				CLANG_ENABLE_OBJC_ARC = YES;
				CLANG_WARN_BLOCK_CAPTURE_AUTORELEASING = YES;
				CLANG_WARN_BOOL_CONVERSION = YES;
				CLANG_WARN_COMMA = YES;
				CLANG_WARN_CONSTANT_CONVERSION = YES;
				CLANG_WARN_DIRECT_OBJC_ISA_USAGE = YES_ERROR;
				CLANG_WARN_DOCUMENTATION_COMMENTS = YES;
				CLANG_WARN_EMPTY_BODY = YES;
				CLANG_WARN_ENUM_CONVERSION = YES;
				CLANG_WARN_INFINITE_RECURSION = YES;
				CLANG_WARN_INT_CONVERSION = YES;
				CLANG_WARN_NON_LITERAL_NULL_CONVERSION = YES;
				CLANG_WARN_OBJC_LITERAL_CONVERSION = YES;
				CLANG_WARN_OBJC_ROOT_CLASS = YES_ERROR;
				CLANG_WARN_RANGE_LOOP_ANALYSIS = YES;
				CLANG_WARN_STRICT_PROTOTYPES = YES;
				CLANG_WARN_SUSPICIOUS_MOVE = YES;
				CLANG_WARN_UNGUARDED_AVAILABILITY = YES_AGGRESSIVE;
				CLANG_WARN_UNREACHABLE_CODE = YES;
				CLANG_WARN__DUPLICATE_METHOD_MATCH = YES;
				CODE_SIGN_IDENTITY = "iPhone Developer";
				COPY_PHASE_STRIP = NO;
				DEBUG_INFORMATION_FORMAT = "dwarf-with-dsym";
				ENABLE_NS_ASSERTIONS = NO;
				ENABLE_STRICT_OBJC_MSGSEND = YES;
				GCC_C_LANGUAGE_STANDARD = gnu11;
				GCC_NO_COMMON_BLOCKS = YES;
				GCC_WARN_64_TO_32_BIT_CONVERSION = YES;
				GCC_WARN_ABOUT_RETURN_TYPE = YES_ERROR;
				GCC_WARN_UNDECLARED_SELECTOR = YES;
				GCC_WARN_UNINITIALIZED_AUTOS = YES_AGGRESSIVE;
				GCC_WARN_UNUSED_FUNCTION = YES;
				GCC_WARN_UNUSED_VARIABLE = YES;
				IPHONEOS_DEPLOYMENT_TARGET = 11.0;
				MTL_ENABLE_DEBUG_INFO = NO;
				SDKROOT = iphoneos;
				VALIDATE_PRODUCT = YES;
			};
			name = Release;
		};
		E00EB2932024435300F8B5BB /* Debug */ = {
			isa = XCBuildConfiguration;
			baseConfigurationReference = 6DA768B22455735EF40E98C0 /* Pods-TTReplyView.debug.xcconfig */;
			buildSettings = {
				ASSETCATALOG_COMPILER_APPICON_NAME = AppIcon;
				CODE_SIGN_STYLE = Automatic;
				DEVELOPMENT_TEAM = ZJQUESVSJH;
				INFOPLIST_FILE = TTReplyView/Info.plist;
				LD_RUNPATH_SEARCH_PATHS = "$(inherited) @executable_path/Frameworks";
				PRODUCT_BUNDLE_IDENTIFIER = cckv.TTReplyView;
				PRODUCT_NAME = "$(TARGET_NAME)";
				TARGETED_DEVICE_FAMILY = "1,2";
				USER_HEADER_SEARCH_PATHS = "$(PODS_ROOT)/**";
			};
			name = Debug;
		};
		E00EB2942024435300F8B5BB /* Release */ = {
			isa = XCBuildConfiguration;
			baseConfigurationReference = 3E82A005188D203C15BC230F /* Pods-TTReplyView.release.xcconfig */;
			buildSettings = {
				ASSETCATALOG_COMPILER_APPICON_NAME = AppIcon;
				CODE_SIGN_STYLE = Automatic;
				DEVELOPMENT_TEAM = ZJQUESVSJH;
				INFOPLIST_FILE = TTReplyView/Info.plist;
				LD_RUNPATH_SEARCH_PATHS = "$(inherited) @executable_path/Frameworks";
				PRODUCT_BUNDLE_IDENTIFIER = cckv.TTReplyView;
				PRODUCT_NAME = "$(TARGET_NAME)";
				TARGETED_DEVICE_FAMILY = "1,2";
				USER_HEADER_SEARCH_PATHS = "$(PODS_ROOT)/**";
			};
			name = Release;
		};
/* End XCBuildConfiguration section */

/* Begin XCConfigurationList section */
		E00EB2772024435300F8B5BB /* Build configuration list for PBXProject "TTReplyView" */ = {
			isa = XCConfigurationList;
			buildConfigurations = (
				E00EB2902024435300F8B5BB /* Debug */,
				E00EB2912024435300F8B5BB /* Release */,
			);
			defaultConfigurationIsVisible = 0;
			defaultConfigurationName = Release;
		};
		E00EB2922024435300F8B5BB /* Build configuration list for PBXNativeTarget "TTReplyView" */ = {
			isa = XCConfigurationList;
			buildConfigurations = (
				E00EB2932024435300F8B5BB /* Debug */,
				E00EB2942024435300F8B5BB /* Release */,
			);
			defaultConfigurationIsVisible = 0;
			defaultConfigurationName = Release;
		};
/* End XCConfigurationList section */
	};
	rootObject = E00EB2742024435300F8B5BB /* Project object */;
}
